
Microsoft Visual Studio Solution File, Format Version 12.00
# Visual Studio 2013
VisualStudioVersion = 12.0.31101.0
MinimumVisualStudioVersion = 10.0.40219.1
Project("{FAE04EC0-301F-11D3-BF4B-00C04F79EFBC}") = "Tanji", "Tanji\Tanji.csproj", "{632ECCB8-D095-46C2-BD98-BCC661207627}"
EndProject
Project("{FAE04EC0-301F-11D3-BF4B-00C04F79EFBC}") = "Sulakore", "..\Sulakore\Sulakore\Sulakore.csproj", "{E2504128-D961-4D6A-9453-9D4CAC24627E}"
EndProject
Project("{FAE04EC0-301F-11D3-BF4B-00C04F79EFBC}") = "Tanji.Controls", "Tanji.Controls\Tanji.Controls.csproj", "{14430F8C-EF18-4332-B239-3E25FA2755D3}"
EndProject
Global
	GlobalSection(SolutionConfigurationPlatforms) = preSolution
		Debug|Any CPU = Debug|Any CPU
		Release|Any CPU = Release|Any CPU
	EndGlobalSection
	GlobalSection(ProjectConfigurationPlatforms) = postSolution
		{632ECCB8-D095-46C2-BD98-BCC661207627}.Debug|Any CPU.ActiveCfg = Debug|Any CPU
		{632ECCB8-D095-46C2-BD98-BCC661207627}.Debug|Any CPU.Build.0 = Debug|Any CPU
		{632ECCB8-D095-46C2-BD98-BCC661207627}.Release|Any CPU.ActiveCfg = Release|Any CPU
		{632ECCB8-D095-46C2-BD98-BCC661207627}.Release|Any CPU.Build.0 = Release|Any CPU
		{E2504128-D961-4D6A-9453-9D4CAC24627E}.Debug|Any CPU.ActiveCfg = Debug|Any CPU
		{E2504128-D961-4D6A-9453-9D4CAC24627E}.Debug|Any CPU.Build.0 = Debug|Any CPU
		{E2504128-D961-4D6A-9453-9D4CAC24627E}.Release|Any CPU.ActiveCfg = Release|Any CPU
		{E2504128-D961-4D6A-9453-9D4CAC24627E}.Release|Any CPU.Build.0 = Release|Any CPU
		{14430F8C-EF18-4332-B239-3E25FA2755D3}.Debug|Any CPU.ActiveCfg = Debug|Any CPU
		{14430F8C-EF18-4332-B239-3E25FA2755D3}.Debug|Any CPU.Build.0 = Debug|Any CPU
		{14430F8C-EF18-4332-B239-3E25FA2755D3}.Release|Any CPU.ActiveCfg = Release|Any CPU
		{14430F8C-EF18-4332-B239-3E25FA2755D3}.Release|Any CPU.Build.0 = Release|Any CPU
	EndGlobalSection
	GlobalSection(SolutionProperties) = preSolution
		HideSolutionNode = FALSE
	EndGlobalSection
EndGlobal
